
Microsoft Visual Studio Solution File, Format Version 12.00
# Visual Studio Version 17
VisualStudioVersion = 17.2.32630.192
MinimumVisualStudioVersion = 10.0.40219.1
Project("{FAE04EC0-301F-11D3-BF4B-00C04F79EFBC}") = "WebApplication6cicd", "WebApplication6cicd\WebApplication6cicd.csproj", "{C7E95333-E75A-4538-82BB-4B4A7C029CA7}"
EndProject
Global
	GlobalSection(SolutionConfigurationPlatforms) = preSolution
		Debug|Any CPU = Debug|Any CPU
		Release|Any CPU = Release|Any CPU
	EndGlobalSection
	GlobalSection(ProjectConfigurationPlatforms) = postSolution
		{C7E95333-E75A-4538-82BB-4B4A7C029CA7}.Debug|Any CPU.ActiveCfg = Debug|Any CPU
		{C7E95333-E75A-4538-82BB-4B4A7C029CA7}.Debug|Any CPU.Build.0 = Debug|Any CPU
		{C7E95333-E75A-4538-82BB-4B4A7C029CA7}.Release|Any CPU.ActiveCfg = Release|Any CPU
		{C7E95333-E75A-4538-82BB-4B4A7C029CA7}.Release|Any CPU.Build.0 = Release|Any CPU
	EndGlobalSection
	GlobalSection(SolutionProperties) = preSolution
		HideSolutionNode = FALSE
	EndGlobalSection
	GlobalSection(ExtensibilityGlobals) = postSolution
		SolutionGuid = {A2BD2F07-7594-4671-8161-778C38D7C49B}
	EndGlobalSection
EndGlobal
